lockfileVersion: '9.0'

settings:
  autoInstallPeers: true
  excludeLinksFromLockfile: false

importers:

  .:
    devDependencies:
      '@socnik/my-prettier-config':
        specifier: 1.0.3
        version: 1.0.3

packages:

  '@socnik/my-prettier-config@1.0.3':
    resolution: {integrity: sha512-sym2fbWUC+YeJMg4PhUy2lhQTWe9ZrBMBpjFXe0JlO5ovq6J1/3Ml//9Vl0HXQ0kMAI2gTzc+NsxqkEG3C+PDw==}
    engines: {node: '>=20.0.0'}

snapshots:

  '@socnik/my-prettier-config@1.0.3': {}
